
Microsoft Visual Studio Solution File, Format Version 12.00
# Visual Studio Version 17
VisualStudioVersion = 17.14.37012.4 d17.14
MinimumVisualStudioVersion = 10.0.40219.1
Project("{FAE04EC0-301F-11D3-BF4B-00C04F79EFBC}") = "finance-tracker", "finance-tracker\finance-tracker.csproj", "{69598797-007C-43B0-BCC0-B4C20640FA37}"
EndProject
Project("{54A90642-561A-4BB1-A94E-469ADEE60C69}") = "frontend", "frontend\frontend.esproj", "{BEC1AF4D-7070-47DE-541E-D6A8B557E3AB}"
EndProject
Global
	GlobalSection(SolutionConfigurationPlatforms) = preSolution
		Debug|Any CPU = Debug|Any CPU
		Release|Any CPU = Release|Any CPU
	EndGlobalSection
	GlobalSection(ProjectConfigurationPlatforms) = postSolution
		{69598797-007C-43B0-BCC0-B4C20640FA37}.Debug|Any CPU.ActiveCfg = Debug|Any CPU
		{69598797-007C-43B0-BCC0-B4C20640FA37}.Debug|Any CPU.Build.0 = Debug|Any CPU
		{69598797-007C-43B0-BCC0-B4C20640FA37}.Release|Any CPU.ActiveCfg = Release|Any CPU
		{69598797-007C-43B0-BCC0-B4C20640FA37}.Release|Any CPU.Build.0 = Release|Any CPU
		{BEC1AF4D-7070-47DE-541E-D6A8B557E3AB}.Debug|Any CPU.ActiveCfg = Debug|Any CPU
		{BEC1AF4D-7070-47DE-541E-D6A8B557E3AB}.Debug|Any CPU.Build.0 = Debug|Any CPU
		{BEC1AF4D-7070-47DE-541E-D6A8B557E3AB}.Release|Any CPU.ActiveCfg = Debug|Any CPU
		{BEC1AF4D-7070-47DE-541E-D6A8B557E3AB}.Release|Any CPU.Build.0 = Debug|Any CPU
	EndGlobalSection
	GlobalSection(SolutionProperties) = preSolution
		HideSolutionNode = FALSE
	EndGlobalSection
	GlobalSection(ExtensibilityGlobals) = postSolution
		SolutionGuid = {3C6DE037-252E-48E4-9789-4D35FAB05486}
	EndGlobalSection
EndGlobal
